// !$*UTF8*$!
{
	archiveVersion = 1;
	classes = {
	};
	objectVersion = 56;
	objects = {

/* Begin PBXBuildFile section */
		447268D0297E04670032EEB1 /* AppDelegate.swift in Sources */ = {isa = PBXBuildFile; fileRef = 447268CF297E04670032EEB1 /* AppDelegate.swift */; };
		447268D2297E04670032EEB1 /* SceneDelegate.swift in Sources */ = {isa = PBXBuildFile; fileRef = 447268D1297E04670032EEB1 /* SceneDelegate.swift */; };
		447268D4297E04670032EEB1 /* MainViewController.swift in Sources */ = {isa = PBXBuildFile; fileRef = 447268D3297E04670032EEB1 /* MainViewController.swift */; };
		447268D7297E04670032EEB1 /* Main.storyboard in Resources */ = {isa = PBXBuildFile; fileRef = 447268D5297E04670032EEB1 /* Main.storyboard */; };
		447268D9297E04690032EEB1 /* Assets.xcassets in Resources */ = {isa = PBXBuildFile; fileRef = 447268D8297E04690032EEB1 /* Assets.xcassets */; };
		447268DC297E04690032EEB1 /* LaunchScreen.storyboard in Resources */ = {isa = PBXBuildFile; fileRef = 447268DA297E04690032EEB1 /* LaunchScreen.storyboard */; };
		44726903297E04A60032EEB1 /* Flashcard.swift in Sources */ = {isa = PBXBuildFile; fileRef = 44726902297E04A60032EEB1 /* Flashcard.swift */; };
		44726905297E04B20032EEB1 /* FlashcardSet.swift in Sources */ = {isa = PBXBuildFile; fileRef = 44726904297E04B20032EEB1 /* FlashcardSet.swift */; };
		44726907297E05E10032EEB1 /* FlashcardSetCollectionCell.swift in Sources */ = {isa = PBXBuildFile; fileRef = 44726906297E05E10032EEB1 /* FlashcardSetCollectionCell.swift */; };
		4472690B297E062E0032EEB1 /* FlashcardTableCell.swift in Sources */ = {isa = PBXBuildFile; fileRef = 4472690A297E062E0032EEB1 /* FlashcardTableCell.swift */; };
		4472690F297E0A840032EEB1 /* FlashcardSetDetailViewController.swift in Sources */ = {isa = PBXBuildFile; fileRef = 4472690E297E0A840032EEB1 /* FlashcardSetDetailViewController.swift */; };
/* End PBXBuildFile section */

/* Begin PBXContainerItemProxy section */
		447268E3297E04690032EEB1 /* PBXContainerItemProxy */ = {
			isa = PBXContainerItemProxy;
			containerPortal = 447268C4297E04670032EEB1 /* Project object */;
			proxyType = 1;
			remoteGlobalIDString = 447268CB297E04670032EEB1;
			remoteInfo = Week3Lab;
		};
		447268ED297E04690032EEB1 /* PBXContainerItemProxy */ = {
			isa = PBXContainerItemProxy;
			containerPortal = 447268C4297E04670032EEB1 /* Project object */;
			proxyType = 1;
			remoteGlobalIDString = 447268CB297E04670032EEB1;
			remoteInfo = Week3Lab;
		};
/* End PBXContainerItemProxy section */

/* Begin PBXFileReference section */
		447268CC297E04670032EEB1 /* Week3Lab.app */ = {isa = PBXFileReference; explicitFileType = wrapper.application; includeInIndex = 0; path = Week3Lab.app; sourceTree = BUILT_PRODUCTS_DIR; };
		447268CF297E04670032EEB1 /* AppDelegate.swift */ = {isa = PBXFileReference; lastKnownFileType = sourcecode.swift; path = AppDelegate.swift; sourceTree = "<group>"; };
		447268D1297E04670032EEB1 /* SceneDelegate.swift */ = {isa = PBXFileReference; lastKnownFileType = sourcecode.swift; path = SceneDelegate.swift; sourceTree = "<group>"; };
		447268D3297E04670032EEB1 /* MainViewController.swift */ = {isa = PBXFileReference; lastKnownFileType = sourcecode.swift; path = MainViewController.swift; sourceTree = "<group>"; };
		447268D6297E04670032EEB1 /* Base */ = {isa = PBXFileReference; lastKnownFileType = file.storyboard; name = Base; path = Base.lproj/Main.storyboard; sourceTree = "<group>"; };
		447268D8297E04690032EEB1 /* Assets.xcassets */ = {isa = PBXFileReference; lastKnownFileType = folder.assetcatalog; path = Assets.xcassets; sourceTree = "<group>"; };
		447268DB297E04690032EEB1 /* Base */ = {isa = PBXFileReference; lastKnownFileType = file.storyboard; name = Base; path = Base.lproj/LaunchScreen.storyboard; sourceTree = "<group>"; };
		447268DD297E04690032EEB1 /* Info.plist */ = {isa = PBXFileReference; lastKnownFileType = text.plist.xml; path = Info.plist; sourceTree = "<group>"; };
		447268E2297E04690032EEB1 /* Week3LabTests.xctest */ = {isa = PBXFileReference; explicitFileType = wrapper.cfbundle; includeInIndex = 0; path = Week3LabTests.xctest; sourceTree = BUILT_PRODUCTS_DIR; };
		447268EC297E04690032EEB1 /* Week3LabUITests.xctest */ = {isa = PBXFileReference; explicitFileType = wrapper.cfbundle; includeInIndex = 0; path = Week3LabUITests.xctest; sourceTree = BUILT_PRODUCTS_DIR; };
		44726902297E04A60032EEB1 /* Flashcard.swift */ = {isa = PBXFileReference; lastKnownFileType = sourcecode.swift; path = Flashcard.swift; sourceTree = "<group>"; };
		44726904297E04B20032EEB1 /* FlashcardSet.swift */ = {isa = PBXFileReference; lastKnownFileType = sourcecode.swift; path = FlashcardSet.swift; sourceTree = "<group>"; };
		44726906297E05E10032EEB1 /* FlashcardSetCollectionCell.swift */ = {isa = PBXFileReference; lastKnownFileType = sourcecode.swift; path = FlashcardSetCollectionCell.swift; sourceTree = "<group>"; };
		4472690A297E062E0032EEB1 /* FlashcardTableCell.swift */ = {isa = PBXFileReference; lastKnownFileType = sourcecode.swift; path = FlashcardTableCell.swift; sourceTree = "<group>"; };
		4472690E297E0A840032EEB1 /* FlashcardSetDetailViewController.swift */ = {isa = PBXFileReference; lastKnownFileType = sourcecode.swift; path = FlashcardSetDetailViewController.swift; sourceTree = "<group>"; };
/* End PBXFileReference section */

/* Begin PBXFrameworksBuildPhase section */
		447268C9297E04670032EEB1 /* Frameworks */ = {
			isa = PBXFrameworksBuildPhase;
			buildActionMask = 2147483647;
			files = (
			);
			runOnlyForDeploymentPostprocessing = 0;
		};
		447268DF297E04690032EEB1 /* Frameworks */ = {
			isa = PBXFrameworksBuildPhase;
			buildActionMask = 2147483647;
			files = (
			);
			runOnlyForDeploymentPostprocessing = 0;
		};
		447268E9297E04690032EEB1 /* Frameworks */ = {
			isa = PBXFrameworksBuildPhase;
			buildActionMask = 2147483647;
			files = (
			);
			runOnlyForDeploymentPostprocessing = 0;
		};
/* End PBXFrameworksBuildPhase section */

/* Begin PBXGroup section */
		447268C3297E04670032EEB1 = {
			isa = PBXGroup;
			children = (
				447268CE297E04670032EEB1 /* Week3Lab */,
				447268CD297E04670032EEB1 /* Products */,
			);
			sourceTree = "<group>";
		};
		447268CD297E04670032EEB1 /* Products */ = {
			isa = PBXGroup;
			children = (
				447268CC297E04670032EEB1 /* Week3Lab.app */,
				447268E2297E04690032EEB1 /* Week3LabTests.xctest */,
				447268EC297E04690032EEB1 /* Week3LabUITests.xctest */,
			);
			name = Products;
			sourceTree = "<group>";
		};
		447268CE297E04670032EEB1 /* Week3Lab */ = {
			isa = PBXGroup;
			children = (
				44726901297E04900032EEB1 /* entities */,
				44726900297E04850032EEB1 /* controllers */,
				447268FF297E047A0032EEB1 /* views */,
				447268CF297E04670032EEB1 /* AppDelegate.swift */,
				447268D1297E04670032EEB1 /* SceneDelegate.swift */,
				447268D5297E04670032EEB1 /* Main.storyboard */,
				447268D8297E04690032EEB1 /* Assets.xcassets */,
				447268DA297E04690032EEB1 /* LaunchScreen.storyboard */,
				447268DD297E04690032EEB1 /* Info.plist */,
			);
			path = Week3Lab;
			sourceTree = "<group>";
		};
		447268FF297E047A0032EEB1 /* views */ = {
			isa = PBXGroup;
			children = (
				44726906297E05E10032EEB1 /* FlashcardSetCollectionCell.swift */,
				4472690A297E062E0032EEB1 /* FlashcardTableCell.swift */,
			);
			path = views;
			sourceTree = "<group>";
		};
		44726900297E04850032EEB1 /* controllers */ = {
			isa = PBXGroup;
			children = (
				447268D3297E04670032EEB1 /* MainViewController.swift */,
				4472690E297E0A840032EEB1 /* FlashcardSetDetailViewController.swift */,
			);
			path = controllers;
			sourceTree = "<group>";
		};
		44726901297E04900032EEB1 /* entities */ = {
			isa = PBXGroup;
			children = (
				44726902297E04A60032EEB1 /* Flashcard.swift */,
				44726904297E04B20032EEB1 /* FlashcardSet.swift */,
			);
			path = entities;
			sourceTree = "<group>";
		};
/* End PBXGroup section */

/* Begin PBXNativeTarget section */
		447268CB297E04670032EEB1 /* Week3Lab */ = {
			isa = PBXNativeTarget;
			buildConfigurationList = 447268F6297E04690032EEB1 /* Build configuration list for PBXNativeTarget "Week3Lab" */;
			buildPhases = (
				447268C8297E04670032EEB1 /* Sources */,
				447268C9297E04670032EEB1 /* Frameworks */,
				447268CA297E04670032EEB1 /* Resources */,
			);
			buildRules = (
			);
			dependencies = (
			);
			name = Week3Lab;
			productName = Week3Lab;
			productReference = 447268CC297E04670032EEB1 /* Week3Lab.app */;
			productType = "com.apple.product-type.application";
		};
		447268E1297E04690032EEB1 /* Week3LabTests */ = {
			isa = PBXNativeTarget;
			buildConfigurationList = 447268F9297E04690032EEB1 /* Build configuration list for PBXNativeTarget "Week3LabTests" */;
			buildPhases = (
				447268DE297E04690032EEB1 /* Sources */,
				447268DF297E04690032EEB1 /* Frameworks */,
				447268E0297E04690032EEB1 /* Resources */,
			);
			buildRules = (
			);
			dependencies = (
				447268E4297E04690032EEB1 /* PBXTargetDependency */,
			);
			name = Week3LabTests;
			productName = Week3LabTests;
			productReference = 447268E2297E04690032EEB1 /* Week3LabTests.xctest */;
			productType = "com.apple.product-type.bundle.unit-test";
		};
		447268EB297E04690032EEB1 /* Week3LabUITests */ = {
			isa = PBXNativeTarget;
			buildConfigurationList = 447268FC297E04690032EEB1 /* Build configuration list for PBXNativeTarget "Week3LabUITests" */;
			buildPhases = (
				447268E8297E04690032EEB1 /* Sources */,
				447268E9297E04690032EEB1 /* Frameworks */,
				447268EA297E04690032EEB1 /* Resources */,
			);
			buildRules = (
			);
			dependencies = (
				447268EE297E04690032EEB1 /* PBXTargetDependency */,
			);
			name = Week3LabUITests;
			productName = Week3LabUITests;
			productReference = 447268EC297E04690032EEB1 /* Week3LabUITests.xctest */;
			productType = "com.apple.product-type.bundle.ui-testing";
		};
/* End PBXNativeTarget section */

/* Begin PBXProject section */
		447268C4297E04670032EEB1 /* Project object */ = {
			isa = PBXProject;
			attributes = {
				BuildIndependentTargetsInParallel = 1;
				LastSwiftUpdateCheck = 1420;
				LastUpgradeCheck = 1420;
				TargetAttributes = {
					447268CB297E04670032EEB1 = {
						CreatedOnToolsVersion = 14.2;
					};
					447268E1297E04690032EEB1 = {
						CreatedOnToolsVersion = 14.2;
						TestTargetID = 447268CB297E04670032EEB1;
					};
					447268EB297E04690032EEB1 = {
						CreatedOnToolsVersion = 14.2;
						TestTargetID = 447268CB297E04670032EEB1;
					};
				};
			};
			buildConfigurationList = 447268C7297E04670032EEB1 /* Build configuration list for PBXProject "Week3Lab" */;
			compatibilityVersion = "Xcode 14.0";
			developmentRegion = en;
			hasScannedForEncodings = 0;
			knownRegions = (
				en,
				Base,
			);
			mainGroup = 447268C3297E04670032EEB1;
			productRefGroup = 447268CD297E04670032EEB1 /* Products */;
			projectDirPath = "";
			projectRoot = "";
			targets = (
				447268CB297E04670032EEB1 /* Week3Lab */,
				447268E1297E04690032EEB1 /* Week3LabTests */,
				447268EB297E04690032EEB1 /* Week3LabUITests */,
			);
		};
/* End PBXProject section */

/* Begin PBXResourcesBuildPhase section */
		447268CA297E04670032EEB1 /* Resources */ = {
			isa = PBXResourcesBuildPhase;
			buildActionMask = 2147483647;
			files = (
				447268DC297E04690032EEB1 /* LaunchScreen.storyboard in Resources */,
				447268D9297E04690032EEB1 /* Assets.xcassets in Resources */,
				447268D7297E04670032EEB1 /* Main.storyboard in Resources */,
			);
			runOnlyForDeploymentPostprocessing = 0;
		};
		447268E0297E04690032EEB1 /* Resources */ = {
			isa = PBXResourcesBuildPhase;
			buildActionMask = 2147483647;
			files = (
			);
			runOnlyForDeploymentPostprocessing = 0;
		};
		447268EA297E04690032EEB1 /* Resources */ = {
			isa = PBXResourcesBuildPhase;
			buildActionMask = 2147483647;
			files = (
			);
			runOnlyForDeploymentPostprocessing = 0;
		};
/* End PBXResourcesBuildPhase section */

/* Begin PBXSourcesBuildPhase section */
		447268C8297E04670032EEB1 /* Sources */ = {
			isa = PBXSourcesBuildPhase;
			buildActionMask = 2147483647;
			files = (
				4472690B297E062E0032EEB1 /* FlashcardTableCell.swift in Sources */,
				44726905297E04B20032EEB1 /* FlashcardSet.swift in Sources */,
				447268D4297E04670032EEB1 /* MainViewController.swift in Sources */,
				447268D0297E04670032EEB1 /* AppDelegate.swift in Sources */,
				44726903297E04A60032EEB1 /* Flashcard.swift in Sources */,
				44726907297E05E10032EEB1 /* FlashcardSetCollectionCell.swift in Sources */,
				447268D2297E04670032EEB1 /* SceneDelegate.swift in Sources */,
				4472690F297E0A840032EEB1 /* FlashcardSetDetailViewController.swift in Sources */,
			);
			runOnlyForDeploymentPostprocessing = 0;
		};
		447268DE297E04690032EEB1 /* Sources */ = {
			isa = PBXSourcesBuildPhase;
			buildActionMask = 2147483647;
			files = (
			);
			runOnlyForDeploymentPostprocessing = 0;
		};
		447268E8297E04690032EEB1 /* Sources */ = {
			isa = PBXSourcesBuildPhase;
			buildActionMask = 2147483647;
			files = (
			);
			runOnlyForDeploymentPostprocessing = 0;
		};
/* End PBXSourcesBuildPhase section */

/* Begin PBXTargetDependency section */
		447268E4297E04690032EEB1 /* PBXTargetDependency */ = {
			isa = PBXTargetDependency;
			target = 447268CB297E04670032EEB1 /* Week3Lab */;
			targetProxy = 447268E3297E04690032EEB1 /* PBXContainerItemProxy */;
		};
		447268EE297E04690032EEB1 /* PBXTargetDependency */ = {
			isa = PBXTargetDependency;
			target = 447268CB297E04670032EEB1 /* Week3Lab */;
			targetProxy = 447268ED297E04690032EEB1 /* PBXContainerItemProxy */;
		};
/* End PBXTargetDependency section */

/* Begin PBXVariantGroup section */
		447268D5297E04670032EEB1 /* Main.storyboard */ = {
			isa = PBXVariantGroup;
			children = (
				447268D6297E04670032EEB1 /* Base */,
			);
			name = Main.storyboard;
			sourceTree = "<group>";
		};
		447268DA297E04690032EEB1 /* LaunchScreen.storyboard */ = {
			isa = PBXVariantGroup;
			children = (
				447268DB297E04690032EEB1 /* Base */,
			);
			name = LaunchScreen.storyboard;
			sourceTree = "<group>";
		};
/* End PBXVariantGroup section */

/* Begin XCBuildConfiguration section */
		447268F4297E04690032EEB1 /* Debug */ = {
			isa = XCBuildConfiguration;
			buildSettings = {
				ALWAYS_SEARCH_USER_PATHS = NO;
				CLANG_ANALYZER_NONNULL = YES;
				CLANG_ANALYZER_NUMBER_OBJECT_CONVERSION = YES_AGGRESSIVE;
				CLANG_CXX_LANGUAGE_STANDARD = "gnu++20";
				CLANG_ENABLE_MODULES = YES;
				CLANG_ENABLE_OBJC_ARC = YES;
				CLANG_ENABLE_OBJC_WEAK = YES;
				CLANG_WARN_BLOCK_CAPTURE_AUTORELEASING = YES;
				CLANG_WARN_BOOL_CONVERSION = YES;
				CLANG_WARN_COMMA = YES;
				CLANG_WARN_CONSTANT_CONVERSION = YES;
				CLANG_WARN_DEPRECATED_OBJC_IMPLEMENTATIONS = YES;
				CLANG_WARN_DIRECT_OBJC_ISA_USAGE = YES_ERROR;
				CLANG_WARN_DOCUMENTATION_COMMENTS = YES;
				CLANG_WARN_EMPTY_BODY = YES;
				CLANG_WARN_ENUM_CONVERSION = YES;
				CLANG_WARN_INFINITE_RECURSION = YES;
				CLANG_WARN_INT_CONVERSION = YES;
				CLANG_WARN_NON_LITERAL_NULL_CONVERSION = YES;
				CLANG_WARN_OBJC_IMPLICIT_RETAIN_SELF = YES;
				CLANG_WARN_OBJC_LITERAL_CONVERSION = YES;
				CLANG_WARN_OBJC_ROOT_CLASS = YES_ERROR;
				CLANG_WARN_QUOTED_INCLUDE_IN_FRAMEWORK_HEADER = YES;
				CLANG_WARN_RANGE_LOOP_ANALYSIS = YES;
				CLANG_WARN_STRICT_PROTOTYPES = YES;
				CLANG_WARN_SUSPICIOUS_MOVE = YES;
				CLANG_WARN_UNGUARDED_AVAILABILITY = YES_AGGRESSIVE;
				CLANG_WARN_UNREACHABLE_CODE = YES;
				CLANG_WARN__DUPLICATE_METHOD_MATCH = YES;
				COPY_PHASE_STRIP = NO;
				DEBUG_INFORMATION_FORMAT = dwarf;
				ENABLE_STRICT_OBJC_MSGSEND = YES;
				ENABLE_TESTABILITY = YES;
				GCC_C_LANGUAGE_STANDARD = gnu11;
				GCC_DYNAMIC_NO_PIC = NO;
				GCC_NO_COMMON_BLOCKS = YES;
				GCC_OPTIMIZATION_LEVEL = 0;
				GCC_PREPROCESSOR_DEFINITIONS = (
					"DEBUG=1",
					"$(inherited)",
				);
				GCC_WARN_64_TO_32_BIT_CONVERSION = YES;
				GCC_WARN_ABOUT_RETURN_TYPE = YES_ERROR;
				GCC_WARN_UNDECLARED_SELECTOR = YES;
				GCC_WARN_UNINITIALIZED_AUTOS = YES_AGGRESSIVE;
				GCC_WARN_UNUSED_FUNCTION = YES;
				GCC_WARN_UNUSED_VARIABLE = YES;
				IPHONEOS_DEPLOYMENT_TARGET = 16.2;
				MTL_ENABLE_DEBUG_INFO = INCLUDE_SOURCE;
				MTL_FAST_MATH = YES;
				ONLY_ACTIVE_ARCH = YES;
				SDKROOT = iphoneos;
				SWIFT_ACTIVE_COMPILATION_CONDITIONS = DEBUG;
				SWIFT_OPTIMIZATION_LEVEL = "-Onone";
			};
			name = Debug;
		};
		447268F5297E04690032EEB1 /* Release */ = {
			isa = XCBuildConfiguration;
			buildSettings = {
				ALWAYS_SEARCH_USER_PATHS = NO;
				CLANG_ANALYZER_NONNULL = YES;
				CLANG_ANALYZER_NUMBER_OBJECT_CONVERSION = YES_AGGRESSIVE;
				CLANG_CXX_LANGUAGE_STANDARD = "gnu++20";
				CLANG_ENABLE_MODULES = YES;
				CLANG_ENABLE_OBJC_ARC = YES;
				CLANG_ENABLE_OBJC_WEAK = YES;
				CLANG_WARN_BLOCK_CAPTURE_AUTORELEASING = YES;
				CLANG_WARN_BOOL_CONVERSION = YES;
				CLANG_WARN_COMMA = YES;
				CLANG_WARN_CONSTANT_CONVERSION = YES;
				CLANG_WARN_DEPRECATED_OBJC_IMPLEMENTATIONS = YES;
				CLANG_WARN_DIRECT_OBJC_ISA_USAGE = YES_ERROR;
				CLANG_WARN_DOCUMENTATION_COMMENTS = YES;
				CLANG_WARN_EMPTY_BODY = YES;
				CLANG_WARN_ENUM_CONVERSION = YES;
				CLANG_WARN_INFINITE_RECURSION = YES;
				CLANG_WARN_INT_CONVERSION = YES;
				CLANG_WARN_NON_LITERAL_NULL_CONVERSION = YES;
				CLANG_WARN_OBJC_IMPLICIT_RETAIN_SELF = YES;
				CLANG_WARN_OBJC_LITERAL_CONVERSION = YES;
				CLANG_WARN_OBJC_ROOT_CLASS = YES_ERROR;
				CLANG_WARN_QUOTED_INCLUDE_IN_FRAMEWORK_HEADER = YES;
				CLANG_WARN_RANGE_LOOP_ANALYSIS = YES;
				CLANG_WARN_STRICT_PROTOTYPES = YES;
				CLANG_WARN_SUSPICIOUS_MOVE = YES;
				CLANG_WARN_UNGUARDED_AVAILABILITY = YES_AGGRESSIVE;
				CLANG_WARN_UNREACHABLE_CODE = YES;
				CLANG_WARN__DUPLICATE_METHOD_MATCH = YES;
				COPY_PHASE_STRIP = NO;
				DEBUG_INFORMATION_FORMAT = "dwarf-with-dsym";
				ENABLE_NS_ASSERTIONS = NO;
				ENABLE_STRICT_OBJC_MSGSEND = YES;
				GCC_C_LANGUAGE_STANDARD = gnu11;
				GCC_NO_COMMON_BLOCKS = YES;
				GCC_WARN_64_TO_32_BIT_CONVERSION = YES;
				GCC_WARN_ABOUT_RETURN_TYPE = YES_ERROR;
				GCC_WARN_UNDECLARED_SELECTOR = YES;
				GCC_WARN_UNINITIALIZED_AUTOS = YES_AGGRESSIVE;
				GCC_WARN_UNUSED_FUNCTION = YES;
				GCC_WARN_UNUSED_VARIABLE = YES;
				IPHONEOS_DEPLOYMENT_TARGET = 16.2;
				MTL_ENABLE_DEBUG_INFO = NO;
				MTL_FAST_MATH = YES;
				SDKROOT = iphoneos;
				SWIFT_COMPILATION_MODE = wholemodule;
				SWIFT_OPTIMIZATION_LEVEL = "-O";
				VALIDATE_PRODUCT = YES;
			};
			name = Release;
		};
		447268F7297E04690032EEB1 /* Debug */ = {
			isa = XCBuildConfiguration;
			buildSettings = {
				ASSETCATALOG_COMPILER_APPICON_NAME = AppIcon;
				ASSETCATALOG_COMPILER_GLOBAL_ACCENT_COLOR_NAME = AccentColor;
				CODE_SIGN_STYLE = Automatic;
				CURRENT_PROJECT_VERSION = 1;
				GENERATE_INFOPLIST_FILE = YES;
				INFOPLIST_FILE = Week3Lab/Info.plist;
				INFOPLIST_KEY_UIApplicationSupportsIndirectInputEvents = YES;
				INFOPLIST_KEY_UILaunchStoryboardName = LaunchScreen;
				INFOPLIST_KEY_UIMainStoryboardFile = Main;
				INFOPLIST_KEY_UISupportedInterfaceOrientations_iPad = "UIInterfaceOrientationPortrait UIInterfaceOrientationPortraitUpsideDown UIInterfaceOrientationLandscapeLeft UIInterfaceOrientationLandscapeRight";
				INFOPLIST_KEY_UISupportedInterfaceOrientations_iPhone = "UIInterfaceOrientationPortrait UIInterfaceOrientationLandscapeLeft UIInterfaceOrientationLandscapeRight";
				LD_RUNPATH_SEARCH_PATHS = (
					"$(inherited)",
					"@executable_path/Frameworks",
				);
				MARKETING_VERSION = 1.0;
				PRODUCT_BUNDLE_IDENTIFIER = cs.mad.Week3Lab;
				PRODUCT_NAME = "$(TARGET_NAME)";
				SWIFT_EMIT_LOC_STRINGS = YES;
				SWIFT_VERSION = 5.0;
				TARGETED_DEVICE_FAMILY = "1,2";
			};
			name = Debug;
		};
		447268F8297E04690032EEB1 /* Release */ = {
			isa = XCBuildConfiguration;
			buildSettings = {
				ASSETCATALOG_COMPILER_APPICON_NAME = AppIcon;
				ASSETCATALOG_COMPILER_GLOBAL_ACCENT_COLOR_NAME = AccentColor;
				CODE_SIGN_STYLE = Automatic;
				CURRENT_PROJECT_VERSION = 1;
				GENERATE_INFOPLIST_FILE = YES;
				INFOPLIST_FILE = Week3Lab/Info.plist;
				INFOPLIST_KEY_UIApplicationSupportsIndirectInputEvents = YES;
				INFOPLIST_KEY_UILaunchStoryboardName = LaunchScreen;
				INFOPLIST_KEY_UIMainStoryboardFile = Main;
				INFOPLIST_KEY_UISupportedInterfaceOrientations_iPad = "UIInterfaceOrientationPortrait UIInterfaceOrientationPortraitUpsideDown UIInterfaceOrientationLandscapeLeft UIInterfaceOrientationLandscapeRight";
				INFOPLIST_KEY_UISupportedInterfaceOrientations_iPhone = "UIInterfaceOrientationPortrait UIInterfaceOrientationLandscapeLeft UIInterfaceOrientationLandscapeRight";
				LD_RUNPATH_SEARCH_PATHS = (
					"$(inherited)",
					"@executable_path/Frameworks",
				);
				MARKETING_VERSION = 1.0;
				PRODUCT_BUNDLE_IDENTIFIER = cs.mad.Week3Lab;
				PRODUCT_NAME = "$(TARGET_NAME)";
				SWIFT_EMIT_LOC_STRINGS = YES;
				SWIFT_VERSION = 5.0;
				TARGETED_DEVICE_FAMILY = "1,2";
			};
			name = Release;
		};
		447268FA297E04690032EEB1 /* Debug */ = {
			isa = XCBuildConfiguration;
			buildSettings = {
				ALWAYS_EMBED_SWIFT_STANDARD_LIBRARIES = YES;
				BUNDLE_LOADER = "$(TEST_HOST)";
				CODE_SIGN_STYLE = Automatic;
				CURRENT_PROJECT_VERSION = 1;
				GENERATE_INFOPLIST_FILE = YES;
				IPHONEOS_DEPLOYMENT_TARGET = 16.2;
				MARKETING_VERSION = 1.0;
				PRODUCT_BUNDLE_IDENTIFIER = cs.mad.Week3LabTests;
				PRODUCT_NAME = "$(TARGET_NAME)";
				SWIFT_EMIT_LOC_STRINGS = NO;
				SWIFT_VERSION = 5.0;
				TARGETED_DEVICE_FAMILY = "1,2";
				TEST_HOST = "$(BUILT_PRODUCTS_DIR)/Week3Lab.app/$(BUNDLE_EXECUTABLE_FOLDER_PATH)/Week3Lab";
			};
			name = Debug;
		};
		447268FB297E04690032EEB1 /* Release */ = {
			isa = XCBuildConfiguration;
			buildSettings = {
				ALWAYS_EMBED_SWIFT_STANDARD_LIBRARIES = YES;
				BUNDLE_LOADER = "$(TEST_HOST)";
				CODE_SIGN_STYLE = Automatic;
				CURRENT_PROJECT_VERSION = 1;
				GENERATE_INFOPLIST_FILE = YES;
				IPHONEOS_DEPLOYMENT_TARGET = 16.2;
				MARKETING_VERSION = 1.0;
				PRODUCT_BUNDLE_IDENTIFIER = cs.mad.Week3LabTests;
				PRODUCT_NAME = "$(TARGET_NAME)";
				SWIFT_EMIT_LOC_STRINGS = NO;
				SWIFT_VERSION = 5.0;
				TARGETED_DEVICE_FAMILY = "1,2";
				TEST_HOST = "$(BUILT_PRODUCTS_DIR)/Week3Lab.app/$(BUNDLE_EXECUTABLE_FOLDER_PATH)/Week3Lab";
			};
			name = Release;
		};
		447268FD297E04690032EEB1 /* Debug */ = {
			isa = XCBuildConfiguration;
			buildSettings = {
				ALWAYS_EMBED_SWIFT_STANDARD_LIBRARIES = YES;
				CODE_SIGN_STYLE = Automatic;
				CURRENT_PROJECT_VERSION = 1;
				GENERATE_INFOPLIST_FILE = YES;
				MARKETING_VERSION = 1.0;
				PRODUCT_BUNDLE_IDENTIFIER = cs.mad.Week3LabUITests;
				PRODUCT_NAME = "$(TARGET_NAME)";
				SWIFT_EMIT_LOC_STRINGS = NO;
				SWIFT_VERSION = 5.0;
				TARGETED_DEVICE_FAMILY = "1,2";
				TEST_TARGET_NAME = Week3Lab;
			};
			name = Debug;
		};
		447268FE297E04690032EEB1 /* Release */ = {
			isa = XCBuildConfiguration;
			buildSettings = {
				ALWAYS_EMBED_SWIFT_STANDARD_LIBRARIES = YES;
				CODE_SIGN_STYLE = Automatic;
				CURRENT_PROJECT_VERSION = 1;
				GENERATE_INFOPLIST_FILE = YES;
				MARKETING_VERSION = 1.0;
				PRODUCT_BUNDLE_IDENTIFIER = cs.mad.Week3LabUITests;
				PRODUCT_NAME = "$(TARGET_NAME)";
				SWIFT_EMIT_LOC_STRINGS = NO;
				SWIFT_VERSION = 5.0;
				TARGETED_DEVICE_FAMILY = "1,2";
				TEST_TARGET_NAME = Week3Lab;
			};
			name = Release;
		};
/* End XCBuildConfiguration section */

/* Begin XCConfigurationList section */
		447268C7297E04670032EEB1 /* Build configuration list for PBXProject "Week3Lab" */ = {
			isa = XCConfigurationList;
			buildConfigurations = (
				447268F4297E04690032EEB1 /* Debug */,
				447268F5297E04690032EEB1 /* Release */,
			);
			defaultConfigurationIsVisible = 0;
			defaultConfigurationName = Release;
		};
		447268F6297E04690032EEB1 /* Build configuration list for PBXNativeTarget "Week3Lab" */ = {
			isa = XCConfigurationList;
			buildConfigurations = (
				447268F7297E04690032EEB1 /* Debug */,
				447268F8297E04690032EEB1 /* Release */,
			);
			defaultConfigurationIsVisible = 0;
			defaultConfigurationName = Release;
		};
		447268F9297E04690032EEB1 /* Build configuration list for PBXNativeTarget "Week3LabTests" */ = {
			isa = XCConfigurationList;
			buildConfigurations = (
				447268FA297E04690032EEB1 /* Debug */,
				447268FB297E04690032EEB1 /* Release */,
			);
			defaultConfigurationIsVisible = 0;
			defaultConfigurationName = Release;
		};
		447268FC297E04690032EEB1 /* Build configuration list for PBXNativeTarget "Week3LabUITests" */ = {
			isa = XCConfigurationList;
			buildConfigurations = (
				447268FD297E04690032EEB1 /* Debug */,
				447268FE297E04690032EEB1 /* Release */,
			);
			defaultConfigurationIsVisible = 0;
			defaultConfigurationName = Release;
		};
/* End XCConfigurationList section */
	};
	rootObject = 447268C4297E04670032EEB1 /* Project object */;
}
